
Microsoft Visual Studio Solution File, Format Version 12.00
# Visual Studio 15
VisualStudioVersion = 15.0.28307.168
MinimumVisualStudioVersion = 10.0.40219.1
Project("{FAE04EC0-301F-11D3-BF4B-00C04F79EFBC}") = "ApartmanOtomasyonu2", "ApartmanOtomasyonu2.csproj", "{D940F1B4-D1E0-4441-92CD-A532897F022F}"
EndProject
Global
	GlobalSection(SolutionConfigurationPlatforms) = preSolution
		Debug|Any CPU = Debug|Any CPU
		Release|Any CPU = Release|Any CPU
	EndGlobalSection
	GlobalSection(ProjectConfigurationPlatforms) = postSolution
		{D940F1B4-D1E0-4441-92CD-A532897F022F}.Debug|Any CPU.ActiveCfg = Debug|Any CPU
		{D940F1B4-D1E0-4441-92CD-A532897F022F}.Debug|Any CPU.Build.0 = Debug|Any CPU
		{D940F1B4-D1E0-4441-92CD-A532897F022F}.Release|Any CPU.ActiveCfg = Release|Any CPU
		{D940F1B4-D1E0-4441-92CD-A532897F022F}.Release|Any CPU.Build.0 = Release|Any CPU
	EndGlobalSection
	GlobalSection(SolutionProperties) = preSolution
		HideSolutionNode = FALSE
	EndGlobalSection
	GlobalSection(ExtensibilityGlobals) = postSolution
		SolutionGuid = {77A4F55B-E423-4887-95CD-70F2A7E14B16}
	EndGlobalSection
EndGlobal
